PODS:
  - AFNetworking (3.2.1):
    - AFNetworking/NSURLSession (= 3.2.1)
    - AFNetworking/Reachability (= 3.2.1)
    - AFNetworking/Security (= 3.2.1)
    - AFNetworking/Serialization (= 3.2.1)
    - AFNetworking/UIKit (= 3.2.1)
  - AFNetworking/NSURLSession (3.2.1):
    - AFNetworking/Reachability
    - AFNetworking/Security
    - AFNetworking/Serialization
  - AFNetworking/Reachability (3.2.1)
  - AFNetworking/Security (3.2.1)
  - AFNetworking/Serialization (3.2.1)
  - AFNetworking/UIKit (3.2.1):
    - AFNetworking/NSURLSession
  - Flutter (1.0.0)
  - flutter_superplayer (0.0.1):
    - Flutter
    - flutter_superplayer/SuperPlayer_Professional (= 0.0.1)
  - flutter_superplayer/SuperPlayer_Professional (0.0.1):
    - AFNetworking
    - Flutter
    - Masonry
    - TXLiteAVSDK_Professional
  - Masonry (1.1.0)
  - TXLiteAVSDK_Professional (7.8.9519)

DEPENDENCIES:
  - Flutter (from `Flutter`)
  - flutter_superplayer (from `.symlinks/plugins/flutter_superplayer/ios`)

SPEC REPOS:
  trunk:
    - AFNetworking
    - Masonry
    - TXLiteAVSDK_Professional

EXTERNAL SOURCES:
  Flutter:
    :path: Flutter
  flutter_superplayer:
    :path: ".symlinks/plugins/flutter_superplayer/ios"

SPEC CHECKSUMS:
  AFNetworking: b6f891fdfaed196b46c7a83cf209e09697b94057
  Flutter: 0e3d915762c693b495b44d77113d4970485de6ec
  flutter_superplayer: 8cd6f3ab97a141794b3570f8a0fc5f4ebe4cf092
  Masonry: 678fab65091a9290e40e2832a55e7ab731aad201
  TXLiteAVSDK_Professional: 8bc9b7a5f37ca5e8baeaf6fd61e7e8ee34c34f82

PODFILE CHECKSUM: 8e679eca47255a8ca8067c4c67aab20e64cb974d

COCOAPODS: 1.9.3
